# This file was autogenerated by Stack.
# You should not edit this file by hand.
# For more information, please see the documentation at:
#   https://docs.haskellstack.org/en/stable/lock_files

packages:
- completed:
    hackage: swagger2-2.4@sha256:3fde8c2c6bc091738cba62e63c29d690b711848560d86e82615516869f76140b,4415
    pantry-tree:
      size: 2192
      sha256: f4ae95200dfc2f44699a39f533dd6889107aff61f52e988c13edad8fcb30faef
  original:
    hackage: swagger2-2.4@sha256:3fde8c2c6bc091738cba62e63c29d690b711848560d86e82615516869f76140b,4415
snapshots:
- completed:
    size: 500539
    url: https://raw.githubusercontent.com/commercialhaskell/stackage-snapshots/master/lts/13/30.yaml
    sha256: 59ad6b944c9903847fecdc1d4815e8500c1f9999d80fd1b4d2d66e408faec44b
  original: lts-13.30
